{
    "_meta": {
        "hash": {
            "sha256": "4544c734a3b85eca1390219e82a5603703d5c4780a77d431b4aa3940aeaabde1"
        },
        "pipfile-spec": 6,
        "requires": {
            "python_version": "3.6"
        },
        "sources": [
            {
                "name": "pypi",
                "url": "https://pypi.org/simple",
                "verify_ssl": true
            }
        ]
    },
    "default": {
        "tqdm": {
            "hashes": [
                "sha256:5ef526702c0d265d5a960a3b27f3971fac13c26cf0fb819294bfa71fc6026c88",
                "sha256:a3364bd83ce4777320b862e3c8a93d7da91e20a95f06ef79bed7dd71c654cafa"
            ],
            "index": "pypi",
            "version": "==4.25.0"
        }
    },
    "develop": {}
}
